{
  "name": "@kamthamc/test-proto-js",
  "version": "0.0.1",
  "lockfileVersion": 1,
  "requires": true,
  "dependencies": {
    "@batchx/proto-js": {
      "version": "2.2.3",
      "resolved": "https://npm.pkg.github.com/download/@batchx/proto-js/2.2.3/9ef3ed5b51886278a17e9eaec05674dc3568662c6dcd0dc8fd5a23ce59769800",
      "integrity": "sha512-Q6NygGqpcysRZuKu1wTHWdR2rKzsEcCFlFXT0pbIXHqi9oQ2hvtaqKBEsIyws3W1r42LJxVH/fBoAR8bJrLlSQ=="
    }
  }
}
